
Microsoft Visual Studio Solution File, Format Version 12.00
# Visual Studio Version 16
VisualStudioVersion = 16.0.31424.327
MinimumVisualStudioVersion = 10.0.40219.1
Project("{FAE04EC0-301F-11D3-BF4B-00C04F79EFBC}") = "LAB SEGUNDA PARTE", "LAB SEGUNDA PARTE\LAB SEGUNDA PARTE.csproj", "{C8736314-0CA4-46B0-BD35-56AA78A26BCA}"
EndProject
Global
	GlobalSection(SolutionConfigurationPlatforms) = preSolution
		Debug|Any CPU = Debug|Any CPU
		Release|Any CPU = Release|Any CPU
	EndGlobalSection
	GlobalSection(ProjectConfigurationPlatforms) = postSolution
		{C8736314-0CA4-46B0-BD35-56AA78A26BCA}.Debug|Any CPU.ActiveCfg = Debug|Any CPU
		{C8736314-0CA4-46B0-BD35-56AA78A26BCA}.Debug|Any CPU.Build.0 = Debug|Any CPU
		{C8736314-0CA4-46B0-BD35-56AA78A26BCA}.Release|Any CPU.ActiveCfg = Release|Any CPU
		{C8736314-0CA4-46B0-BD35-56AA78A26BCA}.Release|Any CPU.Build.0 = Release|Any CPU
	EndGlobalSection
	GlobalSection(SolutionProperties) = preSolution
		HideSolutionNode = FALSE
	EndGlobalSection
	GlobalSection(ExtensibilityGlobals) = postSolution
		SolutionGuid = {2A4F20DF-0552-4C5C-BF18-E8C7E76A18A5}
	EndGlobalSection
EndGlobal
